# THIS IS AN AUTOGENERATED FILE. DO NOT EDIT THIS FILE DIRECTLY.
# yarn lockfile v1


"@bower_components/core-ajax@Polymer/core-ajax#~0.5.4":
  version "0.0.0"
  resolved "https://codeload.github.com/Polymer/core-ajax/tar.gz/f5e0bb645b4a4c6920c9791e0b74b787fedad310"

"@bower_components/core-component-page@Polymer/core-component-page#^0.5":
  version "0.0.0"
  resolved "https://codeload.github.com/Polymer/core-component-page/tar.gz/01a1d3968d7ece144783bcd03bc87b18344265e3"

"@bower_components/core-pages@Polymer/core-pages#~0.5.2":
  version "0.0.0"
  resolved "https://codeload.github.com/Polymer/core-pages/tar.gz/2cc4e14e02c7d48ca7efa87a72b0c6a7b53c4860"

"@bower_components/core-selection@Polymer/core-selection#^0.5":
  version "0.0.0"
  resolved "https://codeload.github.com/Polymer/core-selection/tar.gz/84edc644f6f71f31892e3b52d5e6ecf07e523632"

"@bower_components/core-selector@Polymer/core-selector#^0.5":
  version "0.0.0"
  resolved "https://codeload.github.com/Polymer/core-selector/tar.gz/d23986ce0e4dd5927003158ae71a862b2a05dbea"

"@bower_components/polymer@Polymer/polymer#~0.5.2":
  version "0.0.0"
  resolved "https://codeload.github.com/Polymer/polymer/tar.gz/bf567ab71feecd6e98adce658132c65ffbeb721f"

"@bower_components/webcomponentsjs@Polymer/webcomponentsjs#^0.6.0":
  version "0.6.1"
  resolved "https://codeload.github.com/Polymer/webcomponentsjs/tar.gz/2a1003f895dc55510015898809deefc419899011"

moment@^2.29.4:
  version "2.29.4"
  resolved "https://registry.yarnpkg.com/moment/-/moment-2.29.4.tgz#3dbe052889fe7c1b2ed966fcb3a77328964ef108"
  integrity sha512-5LC9SOxjSc2HF6vO2CyuTDNivEdoz2IvyJJGj6X8DJ0eFyfszE0QiEd+iXmBvUP3WHxSjFH/vIsA0EN00cgr8w==
